// !$*UTF8*$!
{
	archiveVersion = 1;
	classes = {
	};
	objectVersion = 50;
	objects = {

/* Begin PBXBuildFile section */
		1043B08A2359A13400F698C7 /* MainTableViewConfig.swift in Sources */ = {isa = PBXBuildFile; fileRef = 1043B0892359A13400F698C7 /* MainTableViewConfig.swift */; };
		1043B08C2359A6E700F698C7 /* MainComponents.swift in Sources */ = {isa = PBXBuildFile; fileRef = 1043B08B2359A6E700F698C7 /* MainComponents.swift */; };
		10546FE3234F25D60024B9C0 /* AppDelegate.swift in Sources */ = {isa = PBXBuildFile; fileRef = 10546FE2234F25D60024B9C0 /* AppDelegate.swift */; };
		10546FE5234F25D60024B9C0 /* ViewController.swift in Sources */ = {isa = PBXBuildFile; fileRef = 10546FE4234F25D60024B9C0 /* ViewController.swift */; };
		10546FE8234F25D60024B9C0 /* Main.storyboard in Resources */ = {isa = PBXBuildFile; fileRef = 10546FE6234F25D60024B9C0 /* Main.storyboard */; };
		10546FEA234F25DA0024B9C0 /* Assets.xcassets in Resources */ = {isa = PBXBuildFile; fileRef = 10546FE9234F25DA0024B9C0 /* Assets.xcassets */; };
		10546FED234F25DA0024B9C0 /* LaunchScreen.storyboard in Resources */ = {isa = PBXBuildFile; fileRef = 10546FEB234F25DA0024B9C0 /* LaunchScreen.storyboard */; };
		10546FF6234F26880024B9C0 /* MainCell.swift in Sources */ = {isa = PBXBuildFile; fileRef = 10546FF4234F26880024B9C0 /* MainCell.swift */; };
		10546FF7234F26880024B9C0 /* MainCell.xib in Resources */ = {isa = PBXBuildFile; fileRef = 10546FF5234F26880024B9C0 /* MainCell.xib */; };
		10546FF9234F379D0024B9C0 /* CellModel.swift in Sources */ = {isa = PBXBuildFile; fileRef = 10546FF8234F379D0024B9C0 /* CellModel.swift */; };
		1054700123508CA30024B9C0 /* Extension+UIView.swift in Sources */ = {isa = PBXBuildFile; fileRef = 1054700023508CA30024B9C0 /* Extension+UIView.swift */; };
		10547006235091B90024B9C0 /* ItemCell.swift in Sources */ = {isa = PBXBuildFile; fileRef = 10547004235091B90024B9C0 /* ItemCell.swift */; };
		10547007235091B90024B9C0 /* ItemCell.xib in Resources */ = {isa = PBXBuildFile; fileRef = 10547005235091B90024B9C0 /* ItemCell.xib */; };
		105470092350942A0024B9C0 /* Global.swift in Sources */ = {isa = PBXBuildFile; fileRef = 105470082350942A0024B9C0 /* Global.swift */; };
		1056B8A9235487B1008D4784 /* CellStyleBuilder.swift in Sources */ = {isa = PBXBuildFile; fileRef = 1056B8A8235487B1008D4784 /* CellStyleBuilder.swift */; };
		1056B8AB2354A3A8008D4784 /* CustomCell.swift in Sources */ = {isa = PBXBuildFile; fileRef = 1056B8AA2354A3A8008D4784 /* CustomCell.swift */; };
		10574BF82354D3D5009167E1 /* MainViewModel.swift in Sources */ = {isa = PBXBuildFile; fileRef = 10574BF72354D3D5009167E1 /* MainViewModel.swift */; };
		10CDD2772359B0530056F5E8 /* MainCollectionConfig.swift in Sources */ = {isa = PBXBuildFile; fileRef = 10CDD2762359B0530056F5E8 /* MainCollectionConfig.swift */; };
/* End PBXBuildFile section */

/* Begin PBXFileReference section */
		1043B0892359A13400F698C7 /* MainTableViewConfig.swift */ = {isa = PBXFileReference; lastKnownFileType = sourcecode.swift; path = MainTableViewConfig.swift; sourceTree = "<group>"; };
		1043B08B2359A6E700F698C7 /* MainComponents.swift */ = {isa = PBXFileReference; lastKnownFileType = sourcecode.swift; path = MainComponents.swift; sourceTree = "<group>"; };
		10546FDF234F25D60024B9C0 /* tableView_Test4.app */ = {isa = PBXFileReference; explicitFileType = wrapper.application; includeInIndex = 0; path = tableView_Test4.app; sourceTree = BUILT_PRODUCTS_DIR; };
		10546FE2234F25D60024B9C0 /* AppDelegate.swift */ = {isa = PBXFileReference; lastKnownFileType = sourcecode.swift; path = AppDelegate.swift; sourceTree = "<group>"; };
		10546FE4234F25D60024B9C0 /* ViewController.swift */ = {isa = PBXFileReference; lastKnownFileType = sourcecode.swift; path = ViewController.swift; sourceTree = "<group>"; };
		10546FE7234F25D60024B9C0 /* Base */ = {isa = PBXFileReference; lastKnownFileType = file.storyboard; name = Base; path = Base.lproj/Main.storyboard; sourceTree = "<group>"; };
		10546FE9234F25DA0024B9C0 /* Assets.xcassets */ = {isa = PBXFileReference; lastKnownFileType = folder.assetcatalog; path = Assets.xcassets; sourceTree = "<group>"; };
		10546FEC234F25DA0024B9C0 /* Base */ = {isa = PBXFileReference; lastKnownFileType = file.storyboard; name = Base; path = Base.lproj/LaunchScreen.storyboard; sourceTree = "<group>"; };
		10546FEE234F25DA0024B9C0 /* Info.plist */ = {isa = PBXFileReference; lastKnownFileType = text.plist.xml; path = Info.plist; sourceTree = "<group>"; };
		10546FF4234F26880024B9C0 /* MainCell.swift */ = {isa = PBXFileReference; lastKnownFileType = sourcecode.swift; path = MainCell.swift; sourceTree = "<group>"; };
		10546FF5234F26880024B9C0 /* MainCell.xib */ = {isa = PBXFileReference; lastKnownFileType = file.xib; path = MainCell.xib; sourceTree = "<group>"; };
		10546FF8234F379D0024B9C0 /* CellModel.swift */ = {isa = PBXFileReference; lastKnownFileType = sourcecode.swift; path = CellModel.swift; sourceTree = "<group>"; };
		1054700023508CA30024B9C0 /* Extension+UIView.swift */ = {isa = PBXFileReference; lastKnownFileType = sourcecode.swift; path = "Extension+UIView.swift"; sourceTree = "<group>"; };
		10547004235091B90024B9C0 /* ItemCell.swift */ = {isa = PBXFileReference; lastKnownFileType = sourcecode.swift; path = ItemCell.swift; sourceTree = "<group>"; };
		10547005235091B90024B9C0 /* ItemCell.xib */ = {isa = PBXFileReference; lastKnownFileType = file.xib; path = ItemCell.xib; sourceTree = "<group>"; };
		105470082350942A0024B9C0 /* Global.swift */ = {isa = PBXFileReference; lastKnownFileType = sourcecode.swift; path = Global.swift; sourceTree = "<group>"; };
		1056B8A8235487B1008D4784 /* CellStyleBuilder.swift */ = {isa = PBXFileReference; lastKnownFileType = sourcecode.swift; path = CellStyleBuilder.swift; sourceTree = "<group>"; };
		1056B8AA2354A3A8008D4784 /* CustomCell.swift */ = {isa = PBXFileReference; lastKnownFileType = sourcecode.swift; path = CustomCell.swift; sourceTree = "<group>"; };
		10574BF72354D3D5009167E1 /* MainViewModel.swift */ = {isa = PBXFileReference; lastKnownFileType = sourcecode.swift; path = MainViewModel.swift; sourceTree = "<group>"; };
		10CDD2762359B0530056F5E8 /* MainCollectionConfig.swift */ = {isa = PBXFileReference; lastKnownFileType = sourcecode.swift; path = MainCollectionConfig.swift; sourceTree = "<group>"; };
/* End PBXFileReference section */

/* Begin PBXFrameworksBuildPhase section */
		10546FDC234F25D60024B9C0 /* Frameworks */ = {
			isa = PBXFrameworksBuildPhase;
			buildActionMask = 2147483647;
			files = (
			);
			runOnlyForDeploymentPostprocessing = 0;
		};
/* End PBXFrameworksBuildPhase section */

/* Begin PBXGroup section */
		1043B0882359A0FD00F698C7 /* Main */ = {
			isa = PBXGroup;
			children = (
				10574BF72354D3D5009167E1 /* MainViewModel.swift */,
				1043B08B2359A6E700F698C7 /* MainComponents.swift */,
				1043B0892359A13400F698C7 /* MainTableViewConfig.swift */,
				10CDD2762359B0530056F5E8 /* MainCollectionConfig.swift */,
			);
			path = Main;
			sourceTree = "<group>";
		};
		10546FD6234F25D60024B9C0 = {
			isa = PBXGroup;
			children = (
				10546FE1234F25D60024B9C0 /* tableView_Test4 */,
				10546FE0234F25D60024B9C0 /* Products */,
			);
			sourceTree = "<group>";
		};
		10546FE0234F25D60024B9C0 /* Products */ = {
			isa = PBXGroup;
			children = (
				10546FDF234F25D60024B9C0 /* tableView_Test4.app */,
			);
			name = Products;
			sourceTree = "<group>";
		};
		10546FE1234F25D60024B9C0 /* tableView_Test4 */ = {
			isa = PBXGroup;
			children = (
				10574BF62354D394009167E1 /* MainView */,
				10546FFF23508C810024B9C0 /* Extensions */,
				10546FE2234F25D60024B9C0 /* AppDelegate.swift */,
				10546FE6234F25D60024B9C0 /* Main.storyboard */,
				10546FE9234F25DA0024B9C0 /* Assets.xcassets */,
				10546FEB234F25DA0024B9C0 /* LaunchScreen.storyboard */,
				10546FEE234F25DA0024B9C0 /* Info.plist */,
				105470082350942A0024B9C0 /* Global.swift */,
			);
			path = tableView_Test4;
			sourceTree = "<group>";
		};
		10546FFF23508C810024B9C0 /* Extensions */ = {
			isa = PBXGroup;
			children = (
				1054700023508CA30024B9C0 /* Extension+UIView.swift */,
			);
			path = Extensions;
			sourceTree = "<group>";
		};
		10547002235091340024B9C0 /* TableCell */ = {
			isa = PBXGroup;
			children = (
				10546FF4234F26880024B9C0 /* MainCell.swift */,
				10546FF5234F26880024B9C0 /* MainCell.xib */,
			);
			path = TableCell;
			sourceTree = "<group>";
		};
		10547003235091490024B9C0 /* CollectionCell */ = {
			isa = PBXGroup;
			children = (
				10547004235091B90024B9C0 /* ItemCell.swift */,
				10547005235091B90024B9C0 /* ItemCell.xib */,
			);
			path = CollectionCell;
			sourceTree = "<group>";
		};
		1056B8A323548381008D4784 /* Model */ = {
			isa = PBXGroup;
			children = (
				10546FF8234F379D0024B9C0 /* CellModel.swift */,
			);
			path = Model;
			sourceTree = "<group>";
		};
		1056B8A72354879C008D4784 /* CellStyleBuilder */ = {
			isa = PBXGroup;
			children = (
				1056B8A8235487B1008D4784 /* CellStyleBuilder.swift */,
				1056B8AA2354A3A8008D4784 /* CustomCell.swift */,
			);
			path = CellStyleBuilder;
			sourceTree = "<group>";
		};
		10574BF62354D394009167E1 /* MainView */ = {
			isa = PBXGroup;
			children = (
				1043B0882359A0FD00F698C7 /* Main */,
				1056B8A323548381008D4784 /* Model */,
				1056B8A72354879C008D4784 /* CellStyleBuilder */,
				10547003235091490024B9C0 /* CollectionCell */,
				10547002235091340024B9C0 /* TableCell */,
				10546FE4234F25D60024B9C0 /* ViewController.swift */,
			);
			path = MainView;
			sourceTree = "<group>";
		};
/* End PBXGroup section */

/* Begin PBXNativeTarget section */
		10546FDE234F25D60024B9C0 /* tableView_Test4 */ = {
			isa = PBXNativeTarget;
			buildConfigurationList = 10546FF1234F25DA0024B9C0 /* Build configuration list for PBXNativeTarget "tableView_Test4" */;
			buildPhases = (
				10546FDB234F25D60024B9C0 /* Sources */,
				10546FDC234F25D60024B9C0 /* Frameworks */,
				10546FDD234F25D60024B9C0 /* Resources */,
			);
			buildRules = (
			);
			dependencies = (
			);
			name = tableView_Test4;
			productName = tableView_Test4;
			productReference = 10546FDF234F25D60024B9C0 /* tableView_Test4.app */;
			productType = "com.apple.product-type.application";
		};
/* End PBXNativeTarget section */

/* Begin PBXProject section */
		10546FD7234F25D60024B9C0 /* Project object */ = {
			isa = PBXProject;
			attributes = {
				LastSwiftUpdateCheck = 1030;
				LastUpgradeCheck = 1030;
				ORGANIZATIONNAME = LeeX;
				TargetAttributes = {
					10546FDE234F25D60024B9C0 = {
						CreatedOnToolsVersion = 10.3;
					};
				};
			};
			buildConfigurationList = 10546FDA234F25D60024B9C0 /* Build configuration list for PBXProject "tableView_Test4" */;
			compatibilityVersion = "Xcode 9.3";
			developmentRegion = en;
			hasScannedForEncodings = 0;
			knownRegions = (
				en,
				Base,
			);
			mainGroup = 10546FD6234F25D60024B9C0;
			productRefGroup = 10546FE0234F25D60024B9C0 /* Products */;
			projectDirPath = "";
			projectRoot = "";
			targets = (
				10546FDE234F25D60024B9C0 /* tableView_Test4 */,
			);
		};
/* End PBXProject section */

/* Begin PBXResourcesBuildPhase section */
		10546FDD234F25D60024B9C0 /* Resources */ = {
			isa = PBXResourcesBuildPhase;
			buildActionMask = 2147483647;
			files = (
				10546FED234F25DA0024B9C0 /* LaunchScreen.storyboard in Resources */,
				10546FEA234F25DA0024B9C0 /* Assets.xcassets in Resources */,
				10547007235091B90024B9C0 /* ItemCell.xib in Resources */,
				10546FF7234F26880024B9C0 /* MainCell.xib in Resources */,
				10546FE8234F25D60024B9C0 /* Main.storyboard in Resources */,
			);
			runOnlyForDeploymentPostprocessing = 0;
		};
/* End PBXResourcesBuildPhase section */

/* Begin PBXSourcesBuildPhase section */
		10546FDB234F25D60024B9C0 /* Sources */ = {
			isa = PBXSourcesBuildPhase;
			buildActionMask = 2147483647;
			files = (
				10547006235091B90024B9C0 /* ItemCell.swift in Sources */,
				1054700123508CA30024B9C0 /* Extension+UIView.swift in Sources */,
				1043B08C2359A6E700F698C7 /* MainComponents.swift in Sources */,
				10546FE5234F25D60024B9C0 /* ViewController.swift in Sources */,
				10546FE3234F25D60024B9C0 /* AppDelegate.swift in Sources */,
				10546FF6234F26880024B9C0 /* MainCell.swift in Sources */,
				1043B08A2359A13400F698C7 /* MainTableViewConfig.swift in Sources */,
				1056B8AB2354A3A8008D4784 /* CustomCell.swift in Sources */,
				10546FF9234F379D0024B9C0 /* CellModel.swift in Sources */,
				1056B8A9235487B1008D4784 /* CellStyleBuilder.swift in Sources */,
				105470092350942A0024B9C0 /* Global.swift in Sources */,
				10574BF82354D3D5009167E1 /* MainViewModel.swift in Sources */,
				10CDD2772359B0530056F5E8 /* MainCollectionConfig.swift in Sources */,
			);
			runOnlyForDeploymentPostprocessing = 0;
		};
/* End PBXSourcesBuildPhase section */

/* Begin PBXVariantGroup section */
		10546FE6234F25D60024B9C0 /* Main.storyboard */ = {
			isa = PBXVariantGroup;
			children = (
				10546FE7234F25D60024B9C0 /* Base */,
			);
			name = Main.storyboard;
			sourceTree = "<group>";
		};
		10546FEB234F25DA0024B9C0 /* LaunchScreen.storyboard */ = {
			isa = PBXVariantGroup;
			children = (
				10546FEC234F25DA0024B9C0 /* Base */,
			);
			name = LaunchScreen.storyboard;
			sourceTree = "<group>";
		};
/* End PBXVariantGroup section */

/* Begin XCBuildConfiguration section */
		10546FEF234F25DA0024B9C0 /* Debug */ = {
			isa = XCBuildConfiguration;
			buildSettings = {
				ALWAYS_SEARCH_USER_PATHS = NO;
				CLANG_ANALYZER_NONNULL = YES;
				CLANG_ANALYZER_NUMBER_OBJECT_CONVERSION = YES_AGGRESSIVE;
				CLANG_CXX_LANGUAGE_STANDARD = "gnu++14";
				CLANG_CXX_LIBRARY = "libc++";
				CLANG_ENABLE_MODULES = YES;
				CLANG_ENABLE_OBJC_ARC = YES;
				CLANG_ENABLE_OBJC_WEAK = YES;
				CLANG_WARN_BLOCK_CAPTURE_AUTORELEASING = YES;
				CLANG_WARN_BOOL_CONVERSION = YES;
				CLANG_WARN_COMMA = YES;
				CLANG_WARN_CONSTANT_CONVERSION = YES;
				CLANG_WARN_DEPRECATED_OBJC_IMPLEMENTATIONS = YES;
				CLANG_WARN_DIRECT_OBJC_ISA_USAGE = YES_ERROR;
				CLANG_WARN_DOCUMENTATION_COMMENTS = YES;
				CLANG_WARN_EMPTY_BODY = YES;
				CLANG_WARN_ENUM_CONVERSION = YES;
				CLANG_WARN_INFINITE_RECURSION = YES;
				CLANG_WARN_INT_CONVERSION = YES;
				CLANG_WARN_NON_LITERAL_NULL_CONVERSION = YES;
				CLANG_WARN_OBJC_IMPLICIT_RETAIN_SELF = YES;
				CLANG_WARN_OBJC_LITERAL_CONVERSION = YES;
				CLANG_WARN_OBJC_ROOT_CLASS = YES_ERROR;
				CLANG_WARN_RANGE_LOOP_ANALYSIS = YES;
				CLANG_WARN_STRICT_PROTOTYPES = YES;
				CLANG_WARN_SUSPICIOUS_MOVE = YES;
				CLANG_WARN_UNGUARDED_AVAILABILITY = YES_AGGRESSIVE;
				CLANG_WARN_UNREACHABLE_CODE = YES;
				CLANG_WARN__DUPLICATE_METHOD_MATCH = YES;
				CODE_SIGN_IDENTITY = "iPhone Developer";
				COPY_PHASE_STRIP = NO;
				DEBUG_INFORMATION_FORMAT = dwarf;
				ENABLE_STRICT_OBJC_MSGSEND = YES;
				ENABLE_TESTABILITY = YES;
				GCC_C_LANGUAGE_STANDARD = gnu11;
				GCC_DYNAMIC_NO_PIC = NO;
				GCC_NO_COMMON_BLOCKS = YES;
				GCC_OPTIMIZATION_LEVEL = 0;
				GCC_PREPROCESSOR_DEFINITIONS = (
					"DEBUG=1",
					"$(inherited)",
				);
				GCC_WARN_64_TO_32_BIT_CONVERSION = YES;
				GCC_WARN_ABOUT_RETURN_TYPE = YES_ERROR;
				GCC_WARN_UNDECLARED_SELECTOR = YES;
				GCC_WARN_UNINITIALIZED_AUTOS = YES_AGGRESSIVE;
				GCC_WARN_UNUSED_FUNCTION = YES;
				GCC_WARN_UNUSED_VARIABLE = YES;
				IPHONEOS_DEPLOYMENT_TARGET = 12.4;
				MTL_ENABLE_DEBUG_INFO = INCLUDE_SOURCE;
				MTL_FAST_MATH = YES;
				ONLY_ACTIVE_ARCH = YES;
				SDKROOT = iphoneos;
				SWIFT_ACTIVE_COMPILATION_CONDITIONS = DEBUG;
				SWIFT_OPTIMIZATION_LEVEL = "-Onone";
			};
			name = Debug;
		};
		10546FF0234F25DA0024B9C0 /* Release */ = {
			isa = XCBuildConfiguration;
			buildSettings = {
				ALWAYS_SEARCH_USER_PATHS = NO;
				CLANG_ANALYZER_NONNULL = YES;
				CLANG_ANALYZER_NUMBER_OBJECT_CONVERSION = YES_AGGRESSIVE;
				CLANG_CXX_LANGUAGE_STANDARD = "gnu++14";
				CLANG_CXX_LIBRARY = "libc++";
				CLANG_ENABLE_MODULES = YES;
				CLANG_ENABLE_OBJC_ARC = YES;
				CLANG_ENABLE_OBJC_WEAK = YES;
				CLANG_WARN_BLOCK_CAPTURE_AUTORELEASING = YES;
				CLANG_WARN_BOOL_CONVERSION = YES;
				CLANG_WARN_COMMA = YES;
				CLANG_WARN_CONSTANT_CONVERSION = YES;
				CLANG_WARN_DEPRECATED_OBJC_IMPLEMENTATIONS = YES;
				CLANG_WARN_DIRECT_OBJC_ISA_USAGE = YES_ERROR;
				CLANG_WARN_DOCUMENTATION_COMMENTS = YES;
				CLANG_WARN_EMPTY_BODY = YES;
				CLANG_WARN_ENUM_CONVERSION = YES;
				CLANG_WARN_INFINITE_RECURSION = YES;
				CLANG_WARN_INT_CONVERSION = YES;
				CLANG_WARN_NON_LITERAL_NULL_CONVERSION = YES;
				CLANG_WARN_OBJC_IMPLICIT_RETAIN_SELF = YES;
				CLANG_WARN_OBJC_LITERAL_CONVERSION = YES;
				CLANG_WARN_OBJC_ROOT_CLASS = YES_ERROR;
				CLANG_WARN_RANGE_LOOP_ANALYSIS = YES;
				CLANG_WARN_STRICT_PROTOTYPES = YES;
				CLANG_WARN_SUSPICIOUS_MOVE = YES;
				CLANG_WARN_UNGUARDED_AVAILABILITY = YES_AGGRESSIVE;
				CLANG_WARN_UNREACHABLE_CODE = YES;
				CLANG_WARN__DUPLICATE_METHOD_MATCH = YES;
				CODE_SIGN_IDENTITY = "iPhone Developer";
				COPY_PHASE_STRIP = NO;
				DEBUG_INFORMATION_FORMAT = "dwarf-with-dsym";
				ENABLE_NS_ASSERTIONS = NO;
				ENABLE_STRICT_OBJC_MSGSEND = YES;
				GCC_C_LANGUAGE_STANDARD = gnu11;
				GCC_NO_COMMON_BLOCKS = YES;
				GCC_WARN_64_TO_32_BIT_CONVERSION = YES;
				GCC_WARN_ABOUT_RETURN_TYPE = YES_ERROR;
				GCC_WARN_UNDECLARED_SELECTOR = YES;
				GCC_WARN_UNINITIALIZED_AUTOS = YES_AGGRESSIVE;
				GCC_WARN_UNUSED_FUNCTION = YES;
				GCC_WARN_UNUSED_VARIABLE = YES;
				IPHONEOS_DEPLOYMENT_TARGET = 12.4;
				MTL_ENABLE_DEBUG_INFO = NO;
				MTL_FAST_MATH = YES;
				SDKROOT = iphoneos;
				SWIFT_COMPILATION_MODE = wholemodule;
				SWIFT_OPTIMIZATION_LEVEL = "-O";
				VALIDATE_PRODUCT = YES;
			};
			name = Release;
		};
		10546FF2234F25DA0024B9C0 /* Debug */ = {
			isa = XCBuildConfiguration;
			buildSettings = {
				ASSETCATALOG_COMPILER_APPICON_NAME = AppIcon;
				CODE_SIGN_STYLE = Automatic;
				DEVELOPMENT_TEAM = 3KVCFKUZZ6;
				INFOPLIST_FILE = tableView_Test4/Info.plist;
				LD_RUNPATH_SEARCH_PATHS = (
					"$(inherited)",
					"@executable_path/Frameworks",
				);
				PRODUCT_BUNDLE_IDENTIFIER = "LeeX.tableView-Test4";
				PRODUCT_NAME = "$(TARGET_NAME)";
				SWIFT_VERSION = 5.0;
				TARGETED_DEVICE_FAMILY = "1,2";
			};
			name = Debug;
		};
		10546FF3234F25DA0024B9C0 /* Release */ = {
			isa = XCBuildConfiguration;
			buildSettings = {
				ASSETCATALOG_COMPILER_APPICON_NAME = AppIcon;
				CODE_SIGN_STYLE = Automatic;
				DEVELOPMENT_TEAM = 3KVCFKUZZ6;
				INFOPLIST_FILE = tableView_Test4/Info.plist;
				LD_RUNPATH_SEARCH_PATHS = (
					"$(inherited)",
					"@executable_path/Frameworks",
				);
				PRODUCT_BUNDLE_IDENTIFIER = "LeeX.tableView-Test4";
				PRODUCT_NAME = "$(TARGET_NAME)";
				SWIFT_VERSION = 5.0;
				TARGETED_DEVICE_FAMILY = "1,2";
			};
			name = Release;
		};
/* End XCBuildConfiguration section */

/* Begin XCConfigurationList section */
		10546FDA234F25D60024B9C0 /* Build configuration list for PBXProject "tableView_Test4" */ = {
			isa = XCConfigurationList;
			buildConfigurations = (
				10546FEF234F25DA0024B9C0 /* Debug */,
				10546FF0234F25DA0024B9C0 /* Release */,
			);
			defaultConfigurationIsVisible = 0;
			defaultConfigurationName = Release;
		};
		10546FF1234F25DA0024B9C0 /* Build configuration list for PBXNativeTarget "tableView_Test4" */ = {
			isa = XCConfigurationList;
			buildConfigurations = (
				10546FF2234F25DA0024B9C0 /* Debug */,
				10546FF3234F25DA0024B9C0 /* Release */,
			);
			defaultConfigurationIsVisible = 0;
			defaultConfigurationName = Release;
		};
/* End XCConfigurationList section */
	};
	rootObject = 10546FD7234F25D60024B9C0 /* Project object */;
}
